
Microsoft Visual Studio Solution File, Format Version 12.00
# Visual Studio Version 16
VisualStudioVersion = 16.0.29911.84
MinimumVisualStudioVersion = 10.0.40219.1
Project("{FAE04EC0-301F-11D3-BF4B-00C04F79EFBC}") = "CodeChallenge", "CodeChallenge\CodeChallenge.csproj", "{D104D5F6-94CD-4109-B829-206BD9240E84}"
EndProject
Project("{FAE04EC0-301F-11D3-BF4B-00C04F79EFBC}") = "CodeChallengeTest", "CodeChallengeTest\CodeChallengeTest.csproj", "{2FDF7C4C-F691-4597-AE60-5D87A0775143}"
EndProject
Global
	GlobalSection(SolutionConfigurationPlatforms) = preSolution
		Debug|Any CPU = Debug|Any CPU
		Release|Any CPU = Release|Any CPU
	EndGlobalSection
	GlobalSection(ProjectConfigurationPlatforms) = postSolution
		{D104D5F6-94CD-4109-B829-206BD9240E84}.Debug|Any CPU.ActiveCfg = Debug|Any CPU
		{D104D5F6-94CD-4109-B829-206BD9240E84}.Debug|Any CPU.Build.0 = Debug|Any CPU
		{D104D5F6-94CD-4109-B829-206BD9240E84}.Release|Any CPU.ActiveCfg = Release|Any CPU
		{D104D5F6-94CD-4109-B829-206BD9240E84}.Release|Any CPU.Build.0 = Release|Any CPU
		{2FDF7C4C-F691-4597-AE60-5D87A0775143}.Debug|Any CPU.ActiveCfg = Debug|Any CPU
		{2FDF7C4C-F691-4597-AE60-5D87A0775143}.Debug|Any CPU.Build.0 = Debug|Any CPU
		{2FDF7C4C-F691-4597-AE60-5D87A0775143}.Release|Any CPU.ActiveCfg = Release|Any CPU
		{2FDF7C4C-F691-4597-AE60-5D87A0775143}.Release|Any CPU.Build.0 = Release|Any CPU
	EndGlobalSection
	GlobalSection(SolutionProperties) = preSolution
		HideSolutionNode = FALSE
	EndGlobalSection
	GlobalSection(ExtensibilityGlobals) = postSolution
		SolutionGuid = {9CAC2C21-6670-4B54-95E1-DF4D9E1757FE}
	EndGlobalSection
EndGlobal
